
Microsoft Visual Studio Solution File, Format Version 12.00
# Visual Studio Version 16
VisualStudioVersion = 16.0.33423.256
MinimumVisualStudioVersion = 10.0.40219.1
Project("{FAE04EC0-301F-11D3-BF4B-00C04F79EFBC}") = "nyolckiralyno", "nyolckiralyno\nyolckiralyno.csproj", "{F369FE0C-F94D-45B0-8C3F-9CFBEFCDA2B8}"
EndProject
Global
	GlobalSection(SolutionConfigurationPlatforms) = preSolution
		Debug|Any CPU = Debug|Any CPU
		Release|Any CPU = Release|Any CPU
	EndGlobalSection
	GlobalSection(ProjectConfigurationPlatforms) = postSolution
		{F369FE0C-F94D-45B0-8C3F-9CFBEFCDA2B8}.Debug|Any CPU.ActiveCfg = Debug|Any CPU
		{F369FE0C-F94D-45B0-8C3F-9CFBEFCDA2B8}.Debug|Any CPU.Build.0 = Debug|Any CPU
		{F369FE0C-F94D-45B0-8C3F-9CFBEFCDA2B8}.Release|Any CPU.ActiveCfg = Release|Any CPU
		{F369FE0C-F94D-45B0-8C3F-9CFBEFCDA2B8}.Release|Any CPU.Build.0 = Release|Any CPU
	EndGlobalSection
	GlobalSection(SolutionProperties) = preSolution
		HideSolutionNode = FALSE
	EndGlobalSection
	GlobalSection(ExtensibilityGlobals) = postSolution
		SolutionGuid = {C05BDB3F-10AE-4EA9-994F-45E975E9911E}
	EndGlobalSection
EndGlobal
